
Microsoft Visual Studio Solution File, Format Version 12.00
Project("{FAE04EC0-301F-11D3-BF4B-00C04F79EFBC}") = "The Fountain of Objects", "The Fountain of Objects.csproj", "{52CC0EEC-2A0B-4CAC-BDED-7AD26EEA9097}"
EndProject
Global
	GlobalSection(SolutionConfigurationPlatforms) = preSolution
		Debug|Any CPU = Debug|Any CPU
		Release|Any CPU = Release|Any CPU
	EndGlobalSection
	GlobalSection(ProjectConfigurationPlatforms) = postSolution
		{52CC0EEC-2A0B-4CAC-BDED-7AD26EEA9097}.Debug|Any CPU.ActiveCfg = Debug|Any CPU
		{52CC0EEC-2A0B-4CAC-BDED-7AD26EEA9097}.Debug|Any CPU.Build.0 = Debug|Any CPU
		{52CC0EEC-2A0B-4CAC-BDED-7AD26EEA9097}.Release|Any CPU.ActiveCfg = Release|Any CPU
		{52CC0EEC-2A0B-4CAC-BDED-7AD26EEA9097}.Release|Any CPU.Build.0 = Release|Any CPU
	EndGlobalSection
EndGlobal
